{
  "version": 4,
  "terraform_version": "1.4.4",
  "serial": 788,
  "lineage": "74066eca-ce4a-c81e-34d5-9d3525ae9a90",
  "outputs": {
    "public_ip_address": {
      "value": "20.240.60.150",
      "type": "string"
    }
  },
  "resources": [
    {
      "mode": "managed",
      "type": "azurerm_dns_zone",
      "name": "myweb",
      "provider": "provider[\"registry.terraform.io/hashicorp/azurerm\"]",
      "instances": [
        {
          "schema_version": 2,
          "attributes": {
            "id": "/subscriptions/c3f3596e-e15d-45a3-b995-af4eb8a8933d/resourceGroups/LDMN-rg/providers/Microsoft.Network/dnsZones/LDMN.com",
            "max_number_of_record_sets": 10000,
            "name": "LDMN.com",
            "name_servers": [
              "ns1-04.azure-dns.com.",
              "ns2-04.azure-dns.net.",
              "ns3-04.azure-dns.org.",
              "ns4-04.azure-dns.info."
            ],
            "number_of_record_sets": 2,
            "resource_group_name": "LDMN-rg",
            "soa_record": [
              {
                "email": "azuredns-hostmaster.microsoft.com",
                "expire_time": 2419200,
                "fqdn": "LDMN.com.",
                "host_name": "ns1-04.azure-dns.com.",
                "minimum_ttl": 300,
                "refresh_time": 3600,
                "retry_time": 300,
                "serial_number": 1,
                "tags": {},
                "ttl": 3600
              }
            ],
            "tags": {
              "Site": "LDMN.com"
            },
            "timeouts": null
          },
          "sensitive_attributes": [],
          "private": "eyJlMmJmYjczMC1lY2FhLTExZTYtOGY4OC0zNDM2M2JjN2M0YzAiOnsiY3JlYXRlIjoxODAwMDAwMDAwMDAwLCJkZWxldGUiOjE4MDAwMDAwMDAwMDAsInJlYWQiOjMwMDAwMDAwMDAwMCwidXBkYXRlIjoxODAwMDAwMDAwMDAwfSwic2NoZW1hX3ZlcnNpb24iOiIyIn0=",
          "dependencies": [
            "azurerm_resource_group.myweb"
          ]
        }
      ]
    },
    {
      "mode": "managed",
      "type": "azurerm_network_interface",
      "name": "myweb",
      "provider": "provider[\"registry.terraform.io/hashicorp/azurerm\"]",
      "instances": [
        {
          "schema_version": 0,
          "attributes": {
            "applied_dns_servers": [],
            "dns_servers": [],
            "edge_zone": "",
            "enable_accelerated_networking": false,
            "enable_ip_forwarding": false,
            "id": "/subscriptions/c3f3596e-e15d-45a3-b995-af4eb8a8933d/resourceGroups/LDMN-rg/providers/Microsoft.Network/networkInterfaces/LDMN-nic",
            "internal_dns_name_label": "",
            "internal_domain_name_suffix": "gk02hzjtiprubdyumcx4qjqxhd.gvxx.internal.cloudapp.net",
            "ip_configuration": [
              {
                "gateway_load_balancer_frontend_ip_configuration_id": "",
                "name": "LDMN-nic_conf",
                "primary": true,
                "private_ip_address": "10.0.1.4",
                "private_ip_address_allocation": "Dynamic",
                "private_ip_address_version": "IPv4",
                "public_ip_address_id": "/subscriptions/c3f3596e-e15d-45a3-b995-af4eb8a8933d/resourceGroups/LDMN-rg/providers/Microsoft.Network/publicIPAddresses/external",
                "subnet_id": "/subscriptions/c3f3596e-e15d-45a3-b995-af4eb8a8933d/resourceGroups/LDMN-rg/providers/Microsoft.Network/virtualNetworks/LDMN-net/subnets/internal"
              }
            ],
            "location": "swedencentral",
            "mac_address": "",
            "name": "LDMN-nic",
            "private_ip_address": "10.0.1.4",
            "private_ip_addresses": [
              "10.0.1.4"
            ],
            "resource_group_name": "LDMN-rg",
            "tags": {
              "Site": "LDMN.com"
            },
            "timeouts": null,
            "virtual_machine_id": ""
          },
          "sensitive_attributes": [],
          "private": "eyJlMmJmYjczMC1lY2FhLTExZTYtOGY4OC0zNDM2M2JjN2M0YzAiOnsiY3JlYXRlIjoxODAwMDAwMDAwMDAwLCJkZWxldGUiOjE4MDAwMDAwMDAwMDAsInJlYWQiOjMwMDAwMDAwMDAwMCwidXBkYXRlIjoxODAwMDAwMDAwMDAwfX0=",
          "dependencies": [
            "azurerm_public_ip.external",
            "azurerm_resource_group.myweb",
            "azurerm_subnet.internal",
            "azurerm_virtual_network.myweb"
          ]
        }
      ]
    },
    {
      "mode": "managed",
      "type": "azurerm_network_security_group",
      "name": "myweb",
      "provider": "provider[\"registry.terraform.io/hashicorp/azurerm\"]",
      "instances": [
        {
          "schema_version": 0,
          "attributes": {
            "id": "/subscriptions/c3f3596e-e15d-45a3-b995-af4eb8a8933d/resourceGroups/LDMN-rg/providers/Microsoft.Network/networkSecurityGroups/LDMN-nsg",
            "location": "swedencentral",
            "name": "LDMN-nsg",
            "resource_group_name": "LDMN-rg",
            "security_rule": [
              {
                "access": "Allow",
                "description": "",
                "destination_address_prefix": "*",
                "destination_address_prefixes": [],
                "destination_application_security_group_ids": [],
                "destination_port_range": "22",
                "destination_port_ranges": [],
                "direction": "Inbound",
                "name": "SSH",
                "priority": 1001,
                "protocol": "Tcp",
                "source_address_prefix": "*",
                "source_address_prefixes": [],
                "source_application_security_group_ids": [],
                "source_port_range": "*",
                "source_port_ranges": []
              },
              {
                "access": "Allow",
                "description": "",
                "destination_address_prefix": "*",
                "destination_address_prefixes": [],
                "destination_application_security_group_ids": [],
                "destination_port_range": "5000",
                "destination_port_ranges": [],
                "direction": "Inbound",
                "name": "HTTP",
                "priority": 1002,
                "protocol": "Tcp",
                "source_address_prefix": "*",
                "source_address_prefixes": [],
                "source_application_security_group_ids": [],
                "source_port_range": "*",
                "source_port_ranges": []
              }
            ],
            "tags": {
              "Site": "LDMN.com"
            },
            "timeouts": null
          },
          "sensitive_attributes": [],
          "private": "eyJlMmJmYjczMC1lY2FhLTExZTYtOGY4OC0zNDM2M2JjN2M0YzAiOnsiY3JlYXRlIjoxODAwMDAwMDAwMDAwLCJkZWxldGUiOjE4MDAwMDAwMDAwMDAsInJlYWQiOjMwMDAwMDAwMDAwMCwidXBkYXRlIjoxODAwMDAwMDAwMDAwfX0=",
          "dependencies": [
            "azurerm_resource_group.myweb"
          ]
        }
      ]
    },
    {
      "mode": "managed",
      "type": "azurerm_public_ip",
      "name": "external",
      "provider": "provider[\"registry.terraform.io/hashicorp/azurerm\"]",
      "instances": [
        {
          "schema_version": 0,
          "attributes": {
            "allocation_method": "Static",
            "ddos_protection_mode": "VirtualNetworkInherited",
            "ddos_protection_plan_id": null,
            "domain_name_label": null,
            "edge_zone": "",
            "fqdn": null,
            "id": "/subscriptions/c3f3596e-e15d-45a3-b995-af4eb8a8933d/resourceGroups/LDMN-rg/providers/Microsoft.Network/publicIPAddresses/external",
            "idle_timeout_in_minutes": 4,
            "ip_address": "20.240.60.150",
            "ip_tags": null,
            "ip_version": "IPv4",
            "location": "swedencentral",
            "name": "external",
            "public_ip_prefix_id": null,
            "resource_group_name": "LDMN-rg",
            "reverse_fqdn": null,
            "sku": "Basic",
            "sku_tier": "Regional",
            "tags": {
              "Site": "LDMN.com"
            },
            "timeouts": null,
            "zones": null
          },
          "sensitive_attributes": [],
          "private": "eyJlMmJmYjczMC1lY2FhLTExZTYtOGY4OC0zNDM2M2JjN2M0YzAiOnsiY3JlYXRlIjoxODAwMDAwMDAwMDAwLCJkZWxldGUiOjE4MDAwMDAwMDAwMDAsInJlYWQiOjMwMDAwMDAwMDAwMCwidXBkYXRlIjoxODAwMDAwMDAwMDAwfX0=",
          "dependencies": [
            "azurerm_resource_group.myweb"
          ]
        }
      ]
    },
    {
      "mode": "managed",
      "type": "azurerm_resource_group",
      "name": "myweb",
      "provider": "provider[\"registry.terraform.io/hashicorp/azurerm\"]",
      "instances": [
        {
          "schema_version": 0,
          "attributes": {
            "id": "/subscriptions/c3f3596e-e15d-45a3-b995-af4eb8a8933d/resourceGroups/LDMN-rg",
            "location": "swedencentral",
            "name": "LDMN-rg",
            "tags": {
              "Site": "LDMN.com"
            },
            "timeouts": null
          },
          "sensitive_attributes": [],
          "private": "eyJlMmJmYjczMC1lY2FhLTExZTYtOGY4OC0zNDM2M2JjN2M0YzAiOnsiY3JlYXRlIjo1NDAwMDAwMDAwMDAwLCJkZWxldGUiOjU0MDAwMDAwMDAwMDAsInJlYWQiOjMwMDAwMDAwMDAwMCwidXBkYXRlIjo1NDAwMDAwMDAwMDAwfX0="
        }
      ]
    },
    {
      "mode": "managed",
      "type": "azurerm_subnet",
      "name": "internal",
      "provider": "provider[\"registry.terraform.io/hashicorp/azurerm\"]",
      "instances": [
        {
          "schema_version": 0,
          "attributes": {
            "address_prefixes": [
              "10.0.1.0/24"
            ],
            "delegation": [],
            "enforce_private_link_endpoint_network_policies": false,
            "enforce_private_link_service_network_policies": false,
            "id": "/subscriptions/c3f3596e-e15d-45a3-b995-af4eb8a8933d/resourceGroups/LDMN-rg/providers/Microsoft.Network/virtualNetworks/LDMN-net/subnets/internal",
            "name": "internal",
            "private_endpoint_network_policies_enabled": true,
            "private_link_service_network_policies_enabled": true,
            "resource_group_name": "LDMN-rg",
            "service_endpoint_policy_ids": null,
            "service_endpoints": null,
            "timeouts": null,
            "virtual_network_name": "LDMN-net"
          },
          "sensitive_attributes": [],
          "private": "eyJlMmJmYjczMC1lY2FhLTExZTYtOGY4OC0zNDM2M2JjN2M0YzAiOnsiY3JlYXRlIjoxODAwMDAwMDAwMDAwLCJkZWxldGUiOjE4MDAwMDAwMDAwMDAsInJlYWQiOjMwMDAwMDAwMDAwMCwidXBkYXRlIjoxODAwMDAwMDAwMDAwfX0=",
          "dependencies": [
            "azurerm_resource_group.myweb",
            "azurerm_virtual_network.myweb"
          ]
        }
      ]
    },
    {
      "mode": "managed",
      "type": "azurerm_virtual_machine",
      "name": "myweb",
      "provider": "provider[\"registry.terraform.io/hashicorp/azurerm\"]",
      "instances": [
        {
          "schema_version": 0,
          "attributes": {
            "additional_capabilities": [],
            "availability_set_id": null,
            "boot_diagnostics": [],
            "delete_data_disks_on_termination": false,
            "delete_os_disk_on_termination": false,
            "id": "/subscriptions/c3f3596e-e15d-45a3-b995-af4eb8a8933d/resourceGroups/LDMN-rg/providers/Microsoft.Compute/virtualMachines/LDMN-vm",
            "identity": [],
            "license_type": null,
            "location": "swedencentral",
            "name": "LDMN-vm",
            "network_interface_ids": [
              "/subscriptions/c3f3596e-e15d-45a3-b995-af4eb8a8933d/resourceGroups/LDMN-rg/providers/Microsoft.Network/networkInterfaces/LDMN-nic"
            ],
            "os_profile": [
              {
                "admin_password": "",
                "admin_username": "ubuntu",
                "computer_name": "LDMN",
                "custom_data": ""
              }
            ],
            "os_profile_linux_config": [
              {
                "disable_password_authentication": true,
                "ssh_keys": [
                  {
                    "key_data": "ssh-rsa AAAAB3NzaC1yc2EAAAADAQABAAABgQCq2R+T0xnVvShkAiluYTymEy76ZgDzuiminRLb8rX1HhQ8Nroit4/5NZoN346vUloeP3WlP0aLONvoGEbT3Sa5+IIquYyNIX2Gz/Q9wtmVW2wZDeC6bOKCHTpazXTFyHOn7tZQmjK1UB1+PPvo+g7Wo2TJVvGLbkJadNFzrDBeLOXbF67+v141xSKM8eLMXg+4ItsuUgIURSNK+dm8sortaVdbPnSS5C3moFVrlL7AUlYDnsZvkVlI4F4UFRB1cdaYMgJmRmSngzUESFRxdIcnlvB3jPSw8MrbG2Zu2YO8jGUWxxAm0TOTqbBxosvdXnrxstyHff9LrD3SCE7WGFeiB3yimCjs+/NWMtasXFMuKaxC67xww/cLTWjR+eqHjVlWjLPgA5s91OBM867GoXghDdeM6w5KrE9VHjWm5OGRKDNPLvDCHHEKP2uxlC8l5Mcw/gz1DCoBubRbyuUVN7+UbmUQslSV9nkP1I9M2g1gShIQP6k93AXIN0sv9IXl1/U= maxim@DESKTOP-OQL75H2\r\n",
                    "path": "/home/ubuntu/.ssh/authorized_keys"
                  }
                ]
              }
            ],
            "os_profile_secrets": [],
            "os_profile_windows_config": [],
            "plan": [],
            "primary_network_interface_id": null,
            "proximity_placement_group_id": null,
            "resource_group_name": "LDMN-rg",
            "storage_data_disk": [],
            "storage_image_reference": [
              {
                "id": "",
                "offer": "UbuntuServer",
                "publisher": "Canonical",
                "sku": "18.04-LTS",
                "version": "latest"
              }
            ],
            "storage_os_disk": [
              {
                "caching": "ReadWrite",
                "create_option": "FromImage",
                "disk_size_gb": 30,
                "image_uri": "",
                "managed_disk_id": "/subscriptions/c3f3596e-e15d-45a3-b995-af4eb8a8933d/resourceGroups/LDMN-rg/providers/Microsoft.Compute/disks/LDMN-disk",
                "managed_disk_type": "StandardSSD_LRS",
                "name": "LDMN-disk",
                "os_type": "Linux",
                "vhd_uri": "",
                "write_accelerator_enabled": false
              }
            ],
            "tags": {
              "Site": "LDMN.com"
            },
            "timeouts": null,
            "vm_size": "Standard_A1_v2",
            "zones": null
          },
          "sensitive_attributes": [],
          "private": "eyJlMmJmYjczMC1lY2FhLTExZTYtOGY4OC0zNDM2M2JjN2M0YzAiOnsiY3JlYXRlIjozNjAwMDAwMDAwMDAwLCJkZWxldGUiOjM2MDAwMDAwMDAwMDAsInJlYWQiOjMwMDAwMDAwMDAwMCwidXBkYXRlIjozNjAwMDAwMDAwMDAwfX0=",
          "dependencies": [
            "azurerm_network_interface.myweb",
            "azurerm_public_ip.external",
            "azurerm_resource_group.myweb",
            "azurerm_subnet.internal",
            "azurerm_virtual_network.myweb"
          ]
        }
      ]
    },
    {
      "mode": "managed",
      "type": "azurerm_virtual_network",
      "name": "myweb",
      "provider": "provider[\"registry.terraform.io/hashicorp/azurerm\"]",
      "instances": [
        {
          "schema_version": 0,
          "attributes": {
            "address_space": [
              "10.0.0.0/16"
            ],
            "bgp_community": "",
            "ddos_protection_plan": [],
            "dns_servers": [],
            "edge_zone": "",
            "flow_timeout_in_minutes": 0,
            "guid": "e5c3b532-4333-40e3-8f14-60afe826173b",
            "id": "/subscriptions/c3f3596e-e15d-45a3-b995-af4eb8a8933d/resourceGroups/LDMN-rg/providers/Microsoft.Network/virtualNetworks/LDMN-net",
            "location": "swedencentral",
            "name": "LDMN-net",
            "resource_group_name": "LDMN-rg",
            "subnet": [],
            "tags": {
              "Site": "LDMN.com"
            },
            "timeouts": null
          },
          "sensitive_attributes": [],
          "private": "eyJlMmJmYjczMC1lY2FhLTExZTYtOGY4OC0zNDM2M2JjN2M0YzAiOnsiY3JlYXRlIjoxODAwMDAwMDAwMDAwLCJkZWxldGUiOjE4MDAwMDAwMDAwMDAsInJlYWQiOjMwMDAwMDAwMDAwMCwidXBkYXRlIjoxODAwMDAwMDAwMDAwfX0=",
          "dependencies": [
            "azurerm_resource_group.myweb"
          ]
        }
      ]
    }
  ],
  "check_results": null
}
